
Microsoft Visual Studio Solution File, Format Version 12.00
# Visual Studio Version 17
VisualStudioVersion = 17.10.34916.146
MinimumVisualStudioVersion = 10.0.40219.1
Project("{9A19103F-16F7-4668-BE54-9A1E7A4F7556}") = "iOSDelayTouches", "iOSDelayTouches\iOSDelayTouches.csproj", "{3355CCC3-C1A0-448C-BAD0-A4FE5AA80661}"
EndProject
Global
	GlobalSection(SolutionConfigurationPlatforms) = preSolution
		Debug|Any CPU = Debug|Any CPU
		Release|Any CPU = Release|Any CPU
	EndGlobalSection
	GlobalSection(ProjectConfigurationPlatforms) = postSolution
		{3355CCC3-C1A0-448C-BAD0-A4FE5AA80661}.Debug|Any CPU.ActiveCfg = Debug|Any CPU
		{3355CCC3-C1A0-448C-BAD0-A4FE5AA80661}.Debug|Any CPU.Build.0 = Debug|Any CPU
		{3355CCC3-C1A0-448C-BAD0-A4FE5AA80661}.Debug|Any CPU.Deploy.0 = Debug|Any CPU
		{3355CCC3-C1A0-448C-BAD0-A4FE5AA80661}.Release|Any CPU.ActiveCfg = Release|Any CPU
		{3355CCC3-C1A0-448C-BAD0-A4FE5AA80661}.Release|Any CPU.Build.0 = Release|Any CPU
		{3355CCC3-C1A0-448C-BAD0-A4FE5AA80661}.Release|Any CPU.Deploy.0 = Release|Any CPU
	EndGlobalSection
	GlobalSection(SolutionProperties) = preSolution
		HideSolutionNode = FALSE
	EndGlobalSection
	GlobalSection(ExtensibilityGlobals) = postSolution
		SolutionGuid = {7E69E5E1-3617-4E82-8A53-668CC3B2DDAC}
	EndGlobalSection
EndGlobal
